
Microsoft Visual Studio Solution File, Format Version 12.00
# Visual Studio Version 16
VisualStudioVersion = 16.0.32228.343
MinimumVisualStudioVersion = 10.0.40219.1
Project("{FAE04EC0-301F-11D3-BF4B-00C04F79EFBC}") = "Forms", "Forms\Forms.csproj", "{DB36A3AB-6223-447A-B19B-CA0A7CA67544}"
EndProject
Project("{FAE04EC0-301F-11D3-BF4B-00C04F79EFBC}") = "Tester", "Tester\Tester.csproj", "{62FBCD3D-A991-4466-AA33-23F2895F863F}"
EndProject
Project("{FAE04EC0-301F-11D3-BF4B-00C04F79EFBC}") = "Library", "Library\Library.csproj", "{905E2871-4999-42BC-861C-9ACA580EBD63}"
EndProject
Global
	GlobalSection(SolutionConfigurationPlatforms) = preSolution
		Debug|Any CPU = Debug|Any CPU
		Release|Any CPU = Release|Any CPU
	EndGlobalSection
	GlobalSection(ProjectConfigurationPlatforms) = postSolution
		{DB36A3AB-6223-447A-B19B-CA0A7CA67544}.Debug|Any CPU.ActiveCfg = Debug|Any CPU
		{DB36A3AB-6223-447A-B19B-CA0A7CA67544}.Debug|Any CPU.Build.0 = Debug|Any CPU
		{DB36A3AB-6223-447A-B19B-CA0A7CA67544}.Release|Any CPU.ActiveCfg = Release|Any CPU
		{DB36A3AB-6223-447A-B19B-CA0A7CA67544}.Release|Any CPU.Build.0 = Release|Any CPU
		{62FBCD3D-A991-4466-AA33-23F2895F863F}.Debug|Any CPU.ActiveCfg = Debug|Any CPU
		{62FBCD3D-A991-4466-AA33-23F2895F863F}.Debug|Any CPU.Build.0 = Debug|Any CPU
		{62FBCD3D-A991-4466-AA33-23F2895F863F}.Release|Any CPU.ActiveCfg = Release|Any CPU
		{62FBCD3D-A991-4466-AA33-23F2895F863F}.Release|Any CPU.Build.0 = Release|Any CPU
		{905E2871-4999-42BC-861C-9ACA580EBD63}.Debug|Any CPU.ActiveCfg = Debug|Any CPU
		{905E2871-4999-42BC-861C-9ACA580EBD63}.Debug|Any CPU.Build.0 = Debug|Any CPU
		{905E2871-4999-42BC-861C-9ACA580EBD63}.Release|Any CPU.ActiveCfg = Release|Any CPU
		{905E2871-4999-42BC-861C-9ACA580EBD63}.Release|Any CPU.Build.0 = Release|Any CPU
	EndGlobalSection
	GlobalSection(SolutionProperties) = preSolution
		HideSolutionNode = FALSE
	EndGlobalSection
	GlobalSection(ExtensibilityGlobals) = postSolution
		SolutionGuid = {AD4929BA-CF56-4B88-98A3-CBB767A22D1B}
	EndGlobalSection
EndGlobal
